
Microsoft Visual Studio Solution File, Format Version 12.00
# Visual Studio 15
VisualStudioVersion = 15.0.26206.0
MinimumVisualStudioVersion = 10.0.40219.1
Project("{FAE04EC0-301F-11D3-BF4B-00C04F79EFBC}") = "XadrezAulas", "XadrezAulas\XadrezAulas.csproj", "{9DEB9251-2075-486B-9225-56AEE6D9D21C}"
EndProject
Global
	GlobalSection(SolutionConfigurationPlatforms) = preSolution
		Debug|Any CPU = Debug|Any CPU
		Release|Any CPU = Release|Any CPU
	EndGlobalSection
	GlobalSection(ProjectConfigurationPlatforms) = postSolution
		{9DEB9251-2075-486B-9225-56AEE6D9D21C}.Debug|Any CPU.ActiveCfg = Debug|Any CPU
		{9DEB9251-2075-486B-9225-56AEE6D9D21C}.Debug|Any CPU.Build.0 = Debug|Any CPU
		{9DEB9251-2075-486B-9225-56AEE6D9D21C}.Release|Any CPU.ActiveCfg = Release|Any CPU
		{9DEB9251-2075-486B-9225-56AEE6D9D21C}.Release|Any CPU.Build.0 = Release|Any CPU
	EndGlobalSection
	GlobalSection(SolutionProperties) = preSolution
		HideSolutionNode = FALSE
	EndGlobalSection
EndGlobal
